
Microsoft Visual Studio Solution File, Format Version 12.00
# Visual Studio Version 17
VisualStudioVersion = 17.7.34031.279
MinimumVisualStudioVersion = 10.0.40219.1
Project("{FAE04EC0-301F-11D3-BF4B-00C04F79EFBC}") = "PLANNER", "PLANNER\PLANNER.csproj", "{4F7E4E4D-3757-44A4-8030-9304A9A34D94}"
EndProject
Global
	GlobalSection(SolutionConfigurationPlatforms) = preSolution
		Debug|Any CPU = Debug|Any CPU
		Release|Any CPU = Release|Any CPU
	EndGlobalSection
	GlobalSection(ProjectConfigurationPlatforms) = postSolution
		{4F7E4E4D-3757-44A4-8030-9304A9A34D94}.Debug|Any CPU.ActiveCfg = Debug|Any CPU
		{4F7E4E4D-3757-44A4-8030-9304A9A34D94}.Debug|Any CPU.Build.0 = Debug|Any CPU
		{4F7E4E4D-3757-44A4-8030-9304A9A34D94}.Release|Any CPU.ActiveCfg = Release|Any CPU
		{4F7E4E4D-3757-44A4-8030-9304A9A34D94}.Release|Any CPU.Build.0 = Release|Any CPU
	EndGlobalSection
	GlobalSection(SolutionProperties) = preSolution
		HideSolutionNode = FALSE
	EndGlobalSection
	GlobalSection(ExtensibilityGlobals) = postSolution
		SolutionGuid = {31855F95-89D0-42F3-8E98-2F5532F49F4F}
	EndGlobalSection
EndGlobal
